
Microsoft Visual Studio Solution File, Format Version 12.00
# Visual Studio Version 17
VisualStudioVersion = 17.14.36408.4 d17.14
MinimumVisualStudioVersion = 10.0.40219.1
Project("{FAE04EC0-301F-11D3-BF4B-00C04F79EFBC}") = "01_Loop", "01_Loop.csproj", "{F14C4400-5CDC-443B-9021-2A45E222FEBA}"
EndProject
Global
	GlobalSection(SolutionConfigurationPlatforms) = preSolution
		Debug|Any CPU = Debug|Any CPU
		Release|Any CPU = Release|Any CPU
	EndGlobalSection
	GlobalSection(ProjectConfigurationPlatforms) = postSolution
		{F14C4400-5CDC-443B-9021-2A45E222FEBA}.Debug|Any CPU.ActiveCfg = Debug|Any CPU
		{F14C4400-5CDC-443B-9021-2A45E222FEBA}.Debug|Any CPU.Build.0 = Debug|Any CPU
		{F14C4400-5CDC-443B-9021-2A45E222FEBA}.Release|Any CPU.ActiveCfg = Release|Any CPU
		{F14C4400-5CDC-443B-9021-2A45E222FEBA}.Release|Any CPU.Build.0 = Release|Any CPU
	EndGlobalSection
	GlobalSection(SolutionProperties) = preSolution
		HideSolutionNode = FALSE
	EndGlobalSection
	GlobalSection(ExtensibilityGlobals) = postSolution
		SolutionGuid = {76896729-FB0F-4858-914C-D439123B399C}
	EndGlobalSection
EndGlobal
